
Microsoft Visual Studio Solution File, Format Version 12.00
# Visual Studio Version 17
VisualStudioVersion = 17.7.34003.232
MinimumVisualStudioVersion = 10.0.40219.1
Project("{FAE04EC0-301F-11D3-BF4B-00C04F79EFBC}") = "selenium1", "selenium1\selenium1.csproj", "{9AB1E3CB-AFAD-4580-BFA6-E28C704268AD}"
EndProject
Global
	GlobalSection(SolutionConfigurationPlatforms) = preSolution
		Debug|Any CPU = Debug|Any CPU
		Release|Any CPU = Release|Any CPU
	EndGlobalSection
	GlobalSection(ProjectConfigurationPlatforms) = postSolution
		{9AB1E3CB-AFAD-4580-BFA6-E28C704268AD}.Debug|Any CPU.ActiveCfg = Debug|Any CPU
		{9AB1E3CB-AFAD-4580-BFA6-E28C704268AD}.Debug|Any CPU.Build.0 = Debug|Any CPU
		{9AB1E3CB-AFAD-4580-BFA6-E28C704268AD}.Release|Any CPU.ActiveCfg = Release|Any CPU
		{9AB1E3CB-AFAD-4580-BFA6-E28C704268AD}.Release|Any CPU.Build.0 = Release|Any CPU
	EndGlobalSection
	GlobalSection(SolutionProperties) = preSolution
		HideSolutionNode = FALSE
	EndGlobalSection
	GlobalSection(ExtensibilityGlobals) = postSolution
		SolutionGuid = {3EF98D0C-9C66-46F1-8194-6E914CC6EE40}
	EndGlobalSection
EndGlobal
